{
  "pins" : [
    {
      "identity" : "maxminddb-swift",
      "kind" : "remoteSourceControl",
      "location" : "https://github.com/zpzlabs/maxminddb-swift.git",
      "state" : {
        "branch" : "main",
        "revision" : "e308871390b0e16cab72de7ff28b9284ee11daf0"
      }
    }
  ],
  "version" : 2
}
